
Microsoft Visual Studio Solution File, Format Version 12.00
# Visual Studio 15
VisualStudioVersion = 15.0.26730.8
MinimumVisualStudioVersion = 10.0.40219.1
Project("{9A19103F-16F7-4668-BE54-9A1E7A4F7556}") = "NackaPizzaOnline", "NackaPizzaOnline\NackaPizzaOnline.csproj", "{DCEF8238-E055-4C0C-A6A2-AC1B41FA268E}"
EndProject
Project("{FAE04EC0-301F-11D3-BF4B-00C04F79EFBC}") = "NackaPizzaOnlineTest", "NackaPizzaOnlineTest\NackaPizzaOnlineTest.csproj", "{A8A3C574-605B-401C-91AD-B5DF5B09DCBA}"
EndProject
Global
	GlobalSection(SolutionConfigurationPlatforms) = preSolution
		Debug|Any CPU = Debug|Any CPU
		IIS|Any CPU = IIS|Any CPU
		Release|Any CPU = Release|Any CPU
	EndGlobalSection
	GlobalSection(ProjectConfigurationPlatforms) = postSolution
		{DCEF8238-E055-4C0C-A6A2-AC1B41FA268E}.Debug|Any CPU.ActiveCfg = Debug|Any CPU
		{DCEF8238-E055-4C0C-A6A2-AC1B41FA268E}.Debug|Any CPU.Build.0 = Debug|Any CPU
		{DCEF8238-E055-4C0C-A6A2-AC1B41FA268E}.IIS|Any CPU.ActiveCfg = IIS|Any CPU
		{DCEF8238-E055-4C0C-A6A2-AC1B41FA268E}.IIS|Any CPU.Build.0 = IIS|Any CPU
		{DCEF8238-E055-4C0C-A6A2-AC1B41FA268E}.Release|Any CPU.ActiveCfg = Release|Any CPU
		{DCEF8238-E055-4C0C-A6A2-AC1B41FA268E}.Release|Any CPU.Build.0 = Release|Any CPU
		{A8A3C574-605B-401C-91AD-B5DF5B09DCBA}.Debug|Any CPU.ActiveCfg = Debug|Any CPU
		{A8A3C574-605B-401C-91AD-B5DF5B09DCBA}.Debug|Any CPU.Build.0 = Debug|Any CPU
		{A8A3C574-605B-401C-91AD-B5DF5B09DCBA}.IIS|Any CPU.ActiveCfg = Release|Any CPU
		{A8A3C574-605B-401C-91AD-B5DF5B09DCBA}.IIS|Any CPU.Build.0 = Release|Any CPU
		{A8A3C574-605B-401C-91AD-B5DF5B09DCBA}.Release|Any CPU.ActiveCfg = Release|Any CPU
		{A8A3C574-605B-401C-91AD-B5DF5B09DCBA}.Release|Any CPU.Build.0 = Release|Any CPU
	EndGlobalSection
	GlobalSection(SolutionProperties) = preSolution
		HideSolutionNode = FALSE
	EndGlobalSection
	GlobalSection(ExtensibilityGlobals) = postSolution
		SolutionGuid = {F25A18F0-9B87-4952-82E9-C9B317109C3C}
	EndGlobalSection
EndGlobal
